
Microsoft Visual Studio Solution File, Format Version 12.00
# Visual Studio 14
VisualStudioVersion = 14.0.24720.0
MinimumVisualStudioVersion = 10.0.40219.1
Project("{2150E333-8FDC-42A3-9474-1A3956D46DE8}") = "SharePoint", "SharePoint", "{D269704C-9B1E-4AF8-B8C0-0621B67575E6}"
EndProject
Project("{2150E333-8FDC-42A3-9474-1A3956D46DE8}") = "Libraries", "Libraries", "{C8366C6B-03B8-4D7C-9693-49132C2304D1}"
EndProject
Project("{FAE04EC0-301F-11D3-BF4B-00C04F79EFBC}") = "CASCommon.350", "Libraries\CASCommon\CASCommon.350.csproj", "{8C0D5FEA-F28C-48C7-BD99-71AC92F3EBCA}"
EndProject
Project("{FAE04EC0-301F-11D3-BF4B-00C04F79EFBC}") = "CASCommon", "Libraries\CASCommon\CASCommon.csproj", "{AF2434E6-FD65-43A2-BE31-C8C1E5BA5ACD}"
EndProject
Project("{FAE04EC0-301F-11D3-BF4B-00C04F79EFBC}") = "CASCommon.SilverLight", "Libraries\CASCommon\CASCommon.SilverLight.csproj", "{EC5BBDE9-71DC-414C-AD01-8CF6D4B00F91}"
EndProject
Project("{FAE04EC0-301F-11D3-BF4B-00C04F79EFBC}") = "SharePoint", "Libraries\SharePoint\SharePoint.csproj", "{B9D9FCCA-6132-4BF5-BC17-32EA752D6AD7}"
EndProject
Project("{FAE04EC0-301F-11D3-BF4B-00C04F79EFBC}") = "SharePointClient", "Libraries\SharePointLinqClient\SharePointClient.csproj", "{70DD8ABC-B012-427A-8163-64E63304BD42}"
EndProject
Project("{2150E333-8FDC-42A3-9474-1A3956D46DE8}") = "UnitTests", "UnitTests", "{36D03B13-7013-4625-A20D-AE73711A1073}"
EndProject
Project("{FAE04EC0-301F-11D3-BF4B-00C04F79EFBC}") = "SharePointUnitTests", "Libraries\UnitTests\SharePointUnitTests\SharePointUnitTests.csproj", "{B0574724-C83B-417D-B76B-034B6EB4D0BA}"
EndProject
Project("{2150E333-8FDC-42A3-9474-1A3956D46DE8}") = "Tools", "Tools", "{E621953D-5E4D-4489-8853-EB0ECD4B1977}"
EndProject
Project("{FAE04EC0-301F-11D3-BF4B-00C04F79EFBC}") = "Packaging", "Tools\Packaging\Packaging.csproj", "{28DC8C24-C4A0-47D8-A114-DD4E2D42B1EB}"
EndProject
Project("{FAE04EC0-301F-11D3-BF4B-00C04F79EFBC}") = "SharePointSetup", "Tools\SharePointSetup\SharePointSetup.csproj", "{2C246131-39C1-44E1-AAA4-768EE30F4E0D}"
EndProject
Project("{6141683F-8A12-4E36-9623-2EB02B2C2303}") = "SharePointSetupInstaller", "Tools\SharePointSetupInstaller\SharePointSetupInstaller\SharePointSetupInstaller.isproj", "{E3BEBEA4-97C6-4429-B0AE-0D76A6415E0F}"
EndProject
Project("{FAE04EC0-301F-11D3-BF4B-00C04F79EFBC}") = "SPExplorer", "Tools\SPExplorer\SPExplorer.csproj", "{66ABD095-6B8F-411D-9BCF-744287833269}"
EndProject
Project("{2150E333-8FDC-42A3-9474-1A3956D46DE8}") = "UnitTests", "UnitTests", "{BE186735-6515-4A47-A580-00833827B709}"
EndProject
Project("{FAE04EC0-301F-11D3-BF4B-00C04F79EFBC}") = "SPExplorerUnitTests", "Tools\UnitTests\SPExplorerUnitTests\SPExplorerUnitTests.csproj", "{B92B5C89-9BBA-4A28-BEEE-C8ED3BC12CC7}"
EndProject
Project("{2150E333-8FDC-42A3-9474-1A3956D46DE8}") = "Solution Items", "Solution Items", "{C25410D4-A56B-419D-904D-F5982BFEAA54}"
	ProjectSection(SolutionItems) = preProject
		..\PR39-CommonResources\cas.publickey.txt = ..\PR39-CommonResources\cas.publickey.txt
	EndProjectSection
EndProject
Project("{FAE04EC0-301F-11D3-BF4B-00C04F79EFBC}") = "T4Definitions", "..\PR39-CommonResources\T4Definitions\T4Definitions.csproj", "{D506423B-BA21-49E6-8C3B-88A771CA444E}"
EndProject
Project("{FAE04EC0-301F-11D3-BF4B-00C04F79EFBC}") = "SharePointClientUnitTest", "Libraries\UnitTests\SharePointClientUnitTest\SharePointClientUnitTest.csproj", "{14C48A83-95EF-4EA2-8FDF-05D7C307FD7C}"
EndProject
Project("{FAE04EC0-301F-11D3-BF4B-00C04F79EFBC}") = "CASCommon64", "Libraries\CASCommon\CASCommon64.csproj", "{73C8607F-7F59-4BF2-8783-7EEA98B0EDDB}"
EndProject
Project("{FAE04EC0-301F-11D3-BF4B-00C04F79EFBC}") = "CASCommonSerialization", "Libraries\CASCommonSerialization\CASCommonSerialization.csproj", "{C6C80D00-C45A-4E38-8FBC-11288F279389}"
EndProject
Project("{FAE04EC0-301F-11D3-BF4B-00C04F79EFBC}") = "CASCommonSerializationUnitTest", "Libraries\UnitTests\CASCommonSerializationUnitTest\CASCommonSerializationUnitTest.csproj", "{6597B994-D802-4C67-BA17-A6D9EBF50D9A}"
EndProject
Project("{FAE04EC0-301F-11D3-BF4B-00C04F79EFBC}") = "CAS.CommonUnitTest", "Libraries\UnitTests\CASCommonUnitTes\CAS.CommonUnitTest.csproj", "{5CB8E635-2CF3-49B3-956E-4D213DCEEC50}"
EndProject
Project("{FAE04EC0-301F-11D3-BF4B-00C04F79EFBC}") = "Scripts", "Scripts\Scripts.csproj", "{6D661478-2E07-4A0F-88F6-D0D7EF104371}"
EndProject
Global
	GlobalSection(SolutionConfigurationPlatforms) = preSolution
		CD_ROM|Any CPU = CD_ROM|Any CPU
		CD_ROM|x64 = CD_ROM|x64
		Debug|Any CPU = Debug|Any CPU
		Debug|x64 = Debug|x64
		DVD-5|Any CPU = DVD-5|Any CPU
		DVD-5|x64 = DVD-5|x64
		Release|Any CPU = Release|Any CPU
		Release|x64 = Release|x64
		SingleImage|Any CPU = SingleImage|Any CPU
		SingleImage|x64 = SingleImage|x64
	EndGlobalSection
	GlobalSection(ProjectConfigurationPlatforms) = postSolution
		{8C0D5FEA-F28C-48C7-BD99-71AC92F3EBCA}.CD_ROM|Any CPU.ActiveCfg = Release|Any CPU
		{8C0D5FEA-F28C-48C7-BD99-71AC92F3EBCA}.CD_ROM|Any CPU.Build.0 = Release|Any CPU
		{8C0D5FEA-F28C-48C7-BD99-71AC92F3EBCA}.CD_ROM|x64.ActiveCfg = Release|Any CPU
		{8C0D5FEA-F28C-48C7-BD99-71AC92F3EBCA}.Debug|Any CPU.ActiveCfg = Debug|Any CPU
		{8C0D5FEA-F28C-48C7-BD99-71AC92F3EBCA}.Debug|Any CPU.Build.0 = Debug|Any CPU
		{8C0D5FEA-F28C-48C7-BD99-71AC92F3EBCA}.Debug|x64.ActiveCfg = Debug|Any CPU
		{8C0D5FEA-F28C-48C7-BD99-71AC92F3EBCA}.DVD-5|Any CPU.ActiveCfg = Debug|Any CPU
		{8C0D5FEA-F28C-48C7-BD99-71AC92F3EBCA}.DVD-5|Any CPU.Build.0 = Debug|Any CPU
		{8C0D5FEA-F28C-48C7-BD99-71AC92F3EBCA}.DVD-5|x64.ActiveCfg = Debug|Any CPU
		{8C0D5FEA-F28C-48C7-BD99-71AC92F3EBCA}.Release|Any CPU.ActiveCfg = Release|Any CPU
		{8C0D5FEA-F28C-48C7-BD99-71AC92F3EBCA}.Release|Any CPU.Build.0 = Release|Any CPU
		{8C0D5FEA-F28C-48C7-BD99-71AC92F3EBCA}.Release|x64.ActiveCfg = Release|Any CPU
		{8C0D5FEA-F28C-48C7-BD99-71AC92F3EBCA}.SingleImage|Any CPU.ActiveCfg = Release|Any CPU
		{8C0D5FEA-F28C-48C7-BD99-71AC92F3EBCA}.SingleImage|Any CPU.Build.0 = Release|Any CPU
		{8C0D5FEA-F28C-48C7-BD99-71AC92F3EBCA}.SingleImage|x64.ActiveCfg = Release|Any CPU
		{AF2434E6-FD65-43A2-BE31-C8C1E5BA5ACD}.CD_ROM|Any CPU.ActiveCfg = Release|Any CPU
		{AF2434E6-FD65-43A2-BE31-C8C1E5BA5ACD}.CD_ROM|Any CPU.Build.0 = Release|Any CPU
		{AF2434E6-FD65-43A2-BE31-C8C1E5BA5ACD}.CD_ROM|x64.ActiveCfg = Release|Any CPU
		{AF2434E6-FD65-43A2-BE31-C8C1E5BA5ACD}.Debug|Any CPU.ActiveCfg = Debug|Any CPU
		{AF2434E6-FD65-43A2-BE31-C8C1E5BA5ACD}.Debug|Any CPU.Build.0 = Debug|Any CPU
		{AF2434E6-FD65-43A2-BE31-C8C1E5BA5ACD}.Debug|x64.ActiveCfg = Debug|Any CPU
		{AF2434E6-FD65-43A2-BE31-C8C1E5BA5ACD}.DVD-5|Any CPU.ActiveCfg = Debug|Any CPU
		{AF2434E6-FD65-43A2-BE31-C8C1E5BA5ACD}.DVD-5|Any CPU.Build.0 = Debug|Any CPU
		{AF2434E6-FD65-43A2-BE31-C8C1E5BA5ACD}.DVD-5|x64.ActiveCfg = Debug|Any CPU
		{AF2434E6-FD65-43A2-BE31-C8C1E5BA5ACD}.Release|Any CPU.ActiveCfg = Release|Any CPU
		{AF2434E6-FD65-43A2-BE31-C8C1E5BA5ACD}.Release|Any CPU.Build.0 = Release|Any CPU
		{AF2434E6-FD65-43A2-BE31-C8C1E5BA5ACD}.Release|x64.ActiveCfg = Release|x64
		{AF2434E6-FD65-43A2-BE31-C8C1E5BA5ACD}.Release|x64.Build.0 = Release|x64
		{AF2434E6-FD65-43A2-BE31-C8C1E5BA5ACD}.SingleImage|Any CPU.ActiveCfg = Release|Any CPU
		{AF2434E6-FD65-43A2-BE31-C8C1E5BA5ACD}.SingleImage|Any CPU.Build.0 = Release|Any CPU
		{AF2434E6-FD65-43A2-BE31-C8C1E5BA5ACD}.SingleImage|x64.ActiveCfg = Release|Any CPU
		{EC5BBDE9-71DC-414C-AD01-8CF6D4B00F91}.CD_ROM|Any CPU.ActiveCfg = Release|Any CPU
		{EC5BBDE9-71DC-414C-AD01-8CF6D4B00F91}.CD_ROM|Any CPU.Build.0 = Release|Any CPU
		{EC5BBDE9-71DC-414C-AD01-8CF6D4B00F91}.CD_ROM|x64.ActiveCfg = Release|Any CPU
		{EC5BBDE9-71DC-414C-AD01-8CF6D4B00F91}.Debug|Any CPU.ActiveCfg = Debug|Any CPU
		{EC5BBDE9-71DC-414C-AD01-8CF6D4B00F91}.Debug|Any CPU.Build.0 = Debug|Any CPU
		{EC5BBDE9-71DC-414C-AD01-8CF6D4B00F91}.Debug|x64.ActiveCfg = Debug|Any CPU
		{EC5BBDE9-71DC-414C-AD01-8CF6D4B00F91}.DVD-5|Any CPU.ActiveCfg = Debug|Any CPU
		{EC5BBDE9-71DC-414C-AD01-8CF6D4B00F91}.DVD-5|Any CPU.Build.0 = Debug|Any CPU
		{EC5BBDE9-71DC-414C-AD01-8CF6D4B00F91}.DVD-5|x64.ActiveCfg = Debug|Any CPU
		{EC5BBDE9-71DC-414C-AD01-8CF6D4B00F91}.Release|Any CPU.ActiveCfg = Release|Any CPU
		{EC5BBDE9-71DC-414C-AD01-8CF6D4B00F91}.Release|Any CPU.Build.0 = Release|Any CPU
		{EC5BBDE9-71DC-414C-AD01-8CF6D4B00F91}.Release|x64.ActiveCfg = Release|Any CPU
		{EC5BBDE9-71DC-414C-AD01-8CF6D4B00F91}.SingleImage|Any CPU.ActiveCfg = Release|Any CPU
		{EC5BBDE9-71DC-414C-AD01-8CF6D4B00F91}.SingleImage|Any CPU.Build.0 = Release|Any CPU
		{EC5BBDE9-71DC-414C-AD01-8CF6D4B00F91}.SingleImage|x64.ActiveCfg = Release|Any CPU
		{B9D9FCCA-6132-4BF5-BC17-32EA752D6AD7}.CD_ROM|Any CPU.ActiveCfg = Release|Any CPU
		{B9D9FCCA-6132-4BF5-BC17-32EA752D6AD7}.CD_ROM|Any CPU.Build.0 = Release|Any CPU
		{B9D9FCCA-6132-4BF5-BC17-32EA752D6AD7}.CD_ROM|x64.ActiveCfg = Release|x64
		{B9D9FCCA-6132-4BF5-BC17-32EA752D6AD7}.CD_ROM|x64.Build.0 = Release|x64
		{B9D9FCCA-6132-4BF5-BC17-32EA752D6AD7}.Debug|Any CPU.ActiveCfg = Debug|Any CPU
		{B9D9FCCA-6132-4BF5-BC17-32EA752D6AD7}.Debug|Any CPU.Build.0 = Debug|Any CPU
		{B9D9FCCA-6132-4BF5-BC17-32EA752D6AD7}.Debug|x64.ActiveCfg = Debug|x64
		{B9D9FCCA-6132-4BF5-BC17-32EA752D6AD7}.Debug|x64.Build.0 = Debug|x64
		{B9D9FCCA-6132-4BF5-BC17-32EA752D6AD7}.DVD-5|Any CPU.ActiveCfg = Debug|Any CPU
		{B9D9FCCA-6132-4BF5-BC17-32EA752D6AD7}.DVD-5|Any CPU.Build.0 = Debug|Any CPU
		{B9D9FCCA-6132-4BF5-BC17-32EA752D6AD7}.DVD-5|x64.ActiveCfg = Debug|x64
		{B9D9FCCA-6132-4BF5-BC17-32EA752D6AD7}.DVD-5|x64.Build.0 = Debug|x64
		{B9D9FCCA-6132-4BF5-BC17-32EA752D6AD7}.Release|Any CPU.ActiveCfg = Release|Any CPU
		{B9D9FCCA-6132-4BF5-BC17-32EA752D6AD7}.Release|Any CPU.Build.0 = Release|Any CPU
		{B9D9FCCA-6132-4BF5-BC17-32EA752D6AD7}.Release|x64.ActiveCfg = Release|x64
		{B9D9FCCA-6132-4BF5-BC17-32EA752D6AD7}.Release|x64.Build.0 = Release|x64
		{B9D9FCCA-6132-4BF5-BC17-32EA752D6AD7}.SingleImage|Any CPU.ActiveCfg = Release|Any CPU
		{B9D9FCCA-6132-4BF5-BC17-32EA752D6AD7}.SingleImage|Any CPU.Build.0 = Release|Any CPU
		{B9D9FCCA-6132-4BF5-BC17-32EA752D6AD7}.SingleImage|x64.ActiveCfg = Release|x64
		{B9D9FCCA-6132-4BF5-BC17-32EA752D6AD7}.SingleImage|x64.Build.0 = Release|x64
		{70DD8ABC-B012-427A-8163-64E63304BD42}.CD_ROM|Any CPU.ActiveCfg = Release|Any CPU
		{70DD8ABC-B012-427A-8163-64E63304BD42}.CD_ROM|Any CPU.Build.0 = Release|Any CPU
		{70DD8ABC-B012-427A-8163-64E63304BD42}.CD_ROM|x64.ActiveCfg = Release|Any CPU
		{70DD8ABC-B012-427A-8163-64E63304BD42}.Debug|Any CPU.ActiveCfg = Debug|Any CPU
		{70DD8ABC-B012-427A-8163-64E63304BD42}.Debug|Any CPU.Build.0 = Debug|Any CPU
		{70DD8ABC-B012-427A-8163-64E63304BD42}.Debug|x64.ActiveCfg = Debug|Any CPU
		{70DD8ABC-B012-427A-8163-64E63304BD42}.DVD-5|Any CPU.ActiveCfg = Debug|Any CPU
		{70DD8ABC-B012-427A-8163-64E63304BD42}.DVD-5|Any CPU.Build.0 = Debug|Any CPU
		{70DD8ABC-B012-427A-8163-64E63304BD42}.DVD-5|x64.ActiveCfg = Debug|Any CPU
		{70DD8ABC-B012-427A-8163-64E63304BD42}.Release|Any CPU.ActiveCfg = Release|Any CPU
		{70DD8ABC-B012-427A-8163-64E63304BD42}.Release|Any CPU.Build.0 = Release|Any CPU
		{70DD8ABC-B012-427A-8163-64E63304BD42}.Release|x64.ActiveCfg = Release|Any CPU
		{70DD8ABC-B012-427A-8163-64E63304BD42}.SingleImage|Any CPU.ActiveCfg = Release|Any CPU
		{70DD8ABC-B012-427A-8163-64E63304BD42}.SingleImage|Any CPU.Build.0 = Release|Any CPU
		{70DD8ABC-B012-427A-8163-64E63304BD42}.SingleImage|x64.ActiveCfg = Release|Any CPU
		{B0574724-C83B-417D-B76B-034B6EB4D0BA}.CD_ROM|Any CPU.ActiveCfg = Release|Any CPU
		{B0574724-C83B-417D-B76B-034B6EB4D0BA}.CD_ROM|Any CPU.Build.0 = Release|Any CPU
		{B0574724-C83B-417D-B76B-034B6EB4D0BA}.CD_ROM|x64.ActiveCfg = Release|x64
		{B0574724-C83B-417D-B76B-034B6EB4D0BA}.CD_ROM|x64.Build.0 = Release|x64
		{B0574724-C83B-417D-B76B-034B6EB4D0BA}.Debug|Any CPU.ActiveCfg = Debug|Any CPU
		{B0574724-C83B-417D-B76B-034B6EB4D0BA}.Debug|Any CPU.Build.0 = Debug|Any CPU
		{B0574724-C83B-417D-B76B-034B6EB4D0BA}.Debug|x64.ActiveCfg = Debug|x64
		{B0574724-C83B-417D-B76B-034B6EB4D0BA}.Debug|x64.Build.0 = Debug|x64
		{B0574724-C83B-417D-B76B-034B6EB4D0BA}.DVD-5|Any CPU.ActiveCfg = Debug|Any CPU
		{B0574724-C83B-417D-B76B-034B6EB4D0BA}.DVD-5|Any CPU.Build.0 = Debug|Any CPU
		{B0574724-C83B-417D-B76B-034B6EB4D0BA}.DVD-5|x64.ActiveCfg = Debug|x64
		{B0574724-C83B-417D-B76B-034B6EB4D0BA}.DVD-5|x64.Build.0 = Debug|x64
		{B0574724-C83B-417D-B76B-034B6EB4D0BA}.Release|Any CPU.ActiveCfg = Release|Any CPU
		{B0574724-C83B-417D-B76B-034B6EB4D0BA}.Release|Any CPU.Build.0 = Release|Any CPU
		{B0574724-C83B-417D-B76B-034B6EB4D0BA}.Release|x64.ActiveCfg = Release|x64
		{B0574724-C83B-417D-B76B-034B6EB4D0BA}.Release|x64.Build.0 = Release|x64
		{B0574724-C83B-417D-B76B-034B6EB4D0BA}.SingleImage|Any CPU.ActiveCfg = Release|Any CPU
		{B0574724-C83B-417D-B76B-034B6EB4D0BA}.SingleImage|Any CPU.Build.0 = Release|Any CPU
		{B0574724-C83B-417D-B76B-034B6EB4D0BA}.SingleImage|x64.ActiveCfg = Release|x64
		{B0574724-C83B-417D-B76B-034B6EB4D0BA}.SingleImage|x64.Build.0 = Release|x64
		{28DC8C24-C4A0-47D8-A114-DD4E2D42B1EB}.CD_ROM|Any CPU.ActiveCfg = Release|Any CPU
		{28DC8C24-C4A0-47D8-A114-DD4E2D42B1EB}.CD_ROM|Any CPU.Build.0 = Release|Any CPU
		{28DC8C24-C4A0-47D8-A114-DD4E2D42B1EB}.CD_ROM|x64.ActiveCfg = Release|x64
		{28DC8C24-C4A0-47D8-A114-DD4E2D42B1EB}.CD_ROM|x64.Build.0 = Release|x64
		{28DC8C24-C4A0-47D8-A114-DD4E2D42B1EB}.Debug|Any CPU.ActiveCfg = Debug|Any CPU
		{28DC8C24-C4A0-47D8-A114-DD4E2D42B1EB}.Debug|Any CPU.Build.0 = Debug|Any CPU
		{28DC8C24-C4A0-47D8-A114-DD4E2D42B1EB}.Debug|x64.ActiveCfg = Debug|x64
		{28DC8C24-C4A0-47D8-A114-DD4E2D42B1EB}.Debug|x64.Build.0 = Debug|x64
		{28DC8C24-C4A0-47D8-A114-DD4E2D42B1EB}.DVD-5|Any CPU.ActiveCfg = Debug|Any CPU
		{28DC8C24-C4A0-47D8-A114-DD4E2D42B1EB}.DVD-5|Any CPU.Build.0 = Debug|Any CPU
		{28DC8C24-C4A0-47D8-A114-DD4E2D42B1EB}.DVD-5|x64.ActiveCfg = Debug|x64
		{28DC8C24-C4A0-47D8-A114-DD4E2D42B1EB}.DVD-5|x64.Build.0 = Debug|x64
		{28DC8C24-C4A0-47D8-A114-DD4E2D42B1EB}.Release|Any CPU.ActiveCfg = Release|Any CPU
		{28DC8C24-C4A0-47D8-A114-DD4E2D42B1EB}.Release|Any CPU.Build.0 = Release|Any CPU
		{28DC8C24-C4A0-47D8-A114-DD4E2D42B1EB}.Release|x64.ActiveCfg = Release|x64
		{28DC8C24-C4A0-47D8-A114-DD4E2D42B1EB}.Release|x64.Build.0 = Release|x64
		{28DC8C24-C4A0-47D8-A114-DD4E2D42B1EB}.SingleImage|Any CPU.ActiveCfg = Release|Any CPU
		{28DC8C24-C4A0-47D8-A114-DD4E2D42B1EB}.SingleImage|Any CPU.Build.0 = Release|Any CPU
		{28DC8C24-C4A0-47D8-A114-DD4E2D42B1EB}.SingleImage|x64.ActiveCfg = Release|x64
		{28DC8C24-C4A0-47D8-A114-DD4E2D42B1EB}.SingleImage|x64.Build.0 = Release|x64
		{2C246131-39C1-44E1-AAA4-768EE30F4E0D}.CD_ROM|Any CPU.ActiveCfg = Release|Any CPU
		{2C246131-39C1-44E1-AAA4-768EE30F4E0D}.CD_ROM|Any CPU.Build.0 = Release|Any CPU
		{2C246131-39C1-44E1-AAA4-768EE30F4E0D}.CD_ROM|x64.ActiveCfg = Release|x64
		{2C246131-39C1-44E1-AAA4-768EE30F4E0D}.CD_ROM|x64.Build.0 = Release|x64
		{2C246131-39C1-44E1-AAA4-768EE30F4E0D}.Debug|Any CPU.ActiveCfg = Debug|Any CPU
		{2C246131-39C1-44E1-AAA4-768EE30F4E0D}.Debug|Any CPU.Build.0 = Debug|Any CPU
		{2C246131-39C1-44E1-AAA4-768EE30F4E0D}.Debug|x64.ActiveCfg = Debug|x64
		{2C246131-39C1-44E1-AAA4-768EE30F4E0D}.Debug|x64.Build.0 = Debug|x64
		{2C246131-39C1-44E1-AAA4-768EE30F4E0D}.DVD-5|Any CPU.ActiveCfg = Debug|Any CPU
		{2C246131-39C1-44E1-AAA4-768EE30F4E0D}.DVD-5|Any CPU.Build.0 = Debug|Any CPU
		{2C246131-39C1-44E1-AAA4-768EE30F4E0D}.DVD-5|x64.ActiveCfg = Debug|x64
		{2C246131-39C1-44E1-AAA4-768EE30F4E0D}.DVD-5|x64.Build.0 = Debug|x64
		{2C246131-39C1-44E1-AAA4-768EE30F4E0D}.Release|Any CPU.ActiveCfg = Release|Any CPU
		{2C246131-39C1-44E1-AAA4-768EE30F4E0D}.Release|Any CPU.Build.0 = Release|Any CPU
		{2C246131-39C1-44E1-AAA4-768EE30F4E0D}.Release|x64.ActiveCfg = Release|x64
		{2C246131-39C1-44E1-AAA4-768EE30F4E0D}.Release|x64.Build.0 = Release|x64
		{2C246131-39C1-44E1-AAA4-768EE30F4E0D}.SingleImage|Any CPU.ActiveCfg = Release|Any CPU
		{2C246131-39C1-44E1-AAA4-768EE30F4E0D}.SingleImage|Any CPU.Build.0 = Release|Any CPU
		{2C246131-39C1-44E1-AAA4-768EE30F4E0D}.SingleImage|x64.ActiveCfg = Release|x64
		{2C246131-39C1-44E1-AAA4-768EE30F4E0D}.SingleImage|x64.Build.0 = Release|x64
		{E3BEBEA4-97C6-4429-B0AE-0D76A6415E0F}.CD_ROM|Any CPU.ActiveCfg = CD_ROM
		{E3BEBEA4-97C6-4429-B0AE-0D76A6415E0F}.CD_ROM|Any CPU.Build.0 = CD_ROM
		{E3BEBEA4-97C6-4429-B0AE-0D76A6415E0F}.CD_ROM|x64.ActiveCfg = CD_ROM
		{E3BEBEA4-97C6-4429-B0AE-0D76A6415E0F}.CD_ROM|x64.Build.0 = CD_ROM
		{E3BEBEA4-97C6-4429-B0AE-0D76A6415E0F}.Debug|Any CPU.ActiveCfg = DVD-5
		{E3BEBEA4-97C6-4429-B0AE-0D76A6415E0F}.Debug|x64.ActiveCfg = DVD-5
		{E3BEBEA4-97C6-4429-B0AE-0D76A6415E0F}.Debug|x64.Build.0 = DVD-5
		{E3BEBEA4-97C6-4429-B0AE-0D76A6415E0F}.DVD-5|Any CPU.ActiveCfg = DVD-5
		{E3BEBEA4-97C6-4429-B0AE-0D76A6415E0F}.DVD-5|Any CPU.Build.0 = DVD-5
		{E3BEBEA4-97C6-4429-B0AE-0D76A6415E0F}.DVD-5|x64.ActiveCfg = DVD-5
		{E3BEBEA4-97C6-4429-B0AE-0D76A6415E0F}.DVD-5|x64.Build.0 = DVD-5
		{E3BEBEA4-97C6-4429-B0AE-0D76A6415E0F}.Release|Any CPU.ActiveCfg = SingleImage
		{E3BEBEA4-97C6-4429-B0AE-0D76A6415E0F}.Release|x64.ActiveCfg = SingleImage
		{E3BEBEA4-97C6-4429-B0AE-0D76A6415E0F}.Release|x64.Build.0 = SingleImage
		{E3BEBEA4-97C6-4429-B0AE-0D76A6415E0F}.SingleImage|Any CPU.ActiveCfg = SingleImage
		{E3BEBEA4-97C6-4429-B0AE-0D76A6415E0F}.SingleImage|Any CPU.Build.0 = SingleImage
		{E3BEBEA4-97C6-4429-B0AE-0D76A6415E0F}.SingleImage|x64.ActiveCfg = SingleImage
		{E3BEBEA4-97C6-4429-B0AE-0D76A6415E0F}.SingleImage|x64.Build.0 = SingleImage
		{66ABD095-6B8F-411D-9BCF-744287833269}.CD_ROM|Any CPU.ActiveCfg = Release|Any CPU
		{66ABD095-6B8F-411D-9BCF-744287833269}.CD_ROM|Any CPU.Build.0 = Release|Any CPU
		{66ABD095-6B8F-411D-9BCF-744287833269}.CD_ROM|x64.ActiveCfg = Release|Any CPU
		{66ABD095-6B8F-411D-9BCF-744287833269}.Debug|Any CPU.ActiveCfg = Debug|Any CPU
		{66ABD095-6B8F-411D-9BCF-744287833269}.Debug|Any CPU.Build.0 = Debug|Any CPU
		{66ABD095-6B8F-411D-9BCF-744287833269}.Debug|x64.ActiveCfg = Debug|Any CPU
		{66ABD095-6B8F-411D-9BCF-744287833269}.DVD-5|Any CPU.ActiveCfg = Debug|Any CPU
		{66ABD095-6B8F-411D-9BCF-744287833269}.DVD-5|Any CPU.Build.0 = Debug|Any CPU
		{66ABD095-6B8F-411D-9BCF-744287833269}.DVD-5|x64.ActiveCfg = Debug|Any CPU
		{66ABD095-6B8F-411D-9BCF-744287833269}.Release|Any CPU.ActiveCfg = Release|Any CPU
		{66ABD095-6B8F-411D-9BCF-744287833269}.Release|Any CPU.Build.0 = Release|Any CPU
		{66ABD095-6B8F-411D-9BCF-744287833269}.Release|x64.ActiveCfg = Release|Any CPU
		{66ABD095-6B8F-411D-9BCF-744287833269}.SingleImage|Any CPU.ActiveCfg = Release|Any CPU
		{66ABD095-6B8F-411D-9BCF-744287833269}.SingleImage|Any CPU.Build.0 = Release|Any CPU
		{66ABD095-6B8F-411D-9BCF-744287833269}.SingleImage|x64.ActiveCfg = Release|Any CPU
		{B92B5C89-9BBA-4A28-BEEE-C8ED3BC12CC7}.CD_ROM|Any CPU.ActiveCfg = Release|Any CPU
		{B92B5C89-9BBA-4A28-BEEE-C8ED3BC12CC7}.CD_ROM|Any CPU.Build.0 = Release|Any CPU
		{B92B5C89-9BBA-4A28-BEEE-C8ED3BC12CC7}.CD_ROM|x64.ActiveCfg = Release|Any CPU
		{B92B5C89-9BBA-4A28-BEEE-C8ED3BC12CC7}.Debug|Any CPU.ActiveCfg = Debug|Any CPU
		{B92B5C89-9BBA-4A28-BEEE-C8ED3BC12CC7}.Debug|Any CPU.Build.0 = Debug|Any CPU
		{B92B5C89-9BBA-4A28-BEEE-C8ED3BC12CC7}.Debug|x64.ActiveCfg = Debug|Any CPU
		{B92B5C89-9BBA-4A28-BEEE-C8ED3BC12CC7}.DVD-5|Any CPU.ActiveCfg = Debug|Any CPU
		{B92B5C89-9BBA-4A28-BEEE-C8ED3BC12CC7}.DVD-5|Any CPU.Build.0 = Debug|Any CPU
		{B92B5C89-9BBA-4A28-BEEE-C8ED3BC12CC7}.DVD-5|x64.ActiveCfg = Debug|Any CPU
		{B92B5C89-9BBA-4A28-BEEE-C8ED3BC12CC7}.Release|Any CPU.ActiveCfg = Release|Any CPU
		{B92B5C89-9BBA-4A28-BEEE-C8ED3BC12CC7}.Release|Any CPU.Build.0 = Release|Any CPU
		{B92B5C89-9BBA-4A28-BEEE-C8ED3BC12CC7}.Release|x64.ActiveCfg = Release|Any CPU
		{B92B5C89-9BBA-4A28-BEEE-C8ED3BC12CC7}.SingleImage|Any CPU.ActiveCfg = Release|Any CPU
		{B92B5C89-9BBA-4A28-BEEE-C8ED3BC12CC7}.SingleImage|Any CPU.Build.0 = Release|Any CPU
		{B92B5C89-9BBA-4A28-BEEE-C8ED3BC12CC7}.SingleImage|x64.ActiveCfg = Release|Any CPU
		{D506423B-BA21-49E6-8C3B-88A771CA444E}.CD_ROM|Any CPU.ActiveCfg = Release|Any CPU
		{D506423B-BA21-49E6-8C3B-88A771CA444E}.CD_ROM|Any CPU.Build.0 = Release|Any CPU
		{D506423B-BA21-49E6-8C3B-88A771CA444E}.CD_ROM|x64.ActiveCfg = Release|Any CPU
		{D506423B-BA21-49E6-8C3B-88A771CA444E}.Debug|Any CPU.ActiveCfg = Debug|Any CPU
		{D506423B-BA21-49E6-8C3B-88A771CA444E}.Debug|Any CPU.Build.0 = Debug|Any CPU
		{D506423B-BA21-49E6-8C3B-88A771CA444E}.Debug|x64.ActiveCfg = Debug|Any CPU
		{D506423B-BA21-49E6-8C3B-88A771CA444E}.DVD-5|Any CPU.ActiveCfg = Debug|Any CPU
		{D506423B-BA21-49E6-8C3B-88A771CA444E}.DVD-5|Any CPU.Build.0 = Debug|Any CPU
		{D506423B-BA21-49E6-8C3B-88A771CA444E}.DVD-5|x64.ActiveCfg = Debug|Any CPU
		{D506423B-BA21-49E6-8C3B-88A771CA444E}.Release|Any CPU.ActiveCfg = Release|Any CPU
		{D506423B-BA21-49E6-8C3B-88A771CA444E}.Release|Any CPU.Build.0 = Release|Any CPU
		{D506423B-BA21-49E6-8C3B-88A771CA444E}.Release|x64.ActiveCfg = Release|Any CPU
		{D506423B-BA21-49E6-8C3B-88A771CA444E}.SingleImage|Any CPU.ActiveCfg = Release|Any CPU
		{D506423B-BA21-49E6-8C3B-88A771CA444E}.SingleImage|Any CPU.Build.0 = Release|Any CPU
		{D506423B-BA21-49E6-8C3B-88A771CA444E}.SingleImage|x64.ActiveCfg = Release|Any CPU
		{14C48A83-95EF-4EA2-8FDF-05D7C307FD7C}.CD_ROM|Any CPU.ActiveCfg = Release|Any CPU
		{14C48A83-95EF-4EA2-8FDF-05D7C307FD7C}.CD_ROM|Any CPU.Build.0 = Release|Any CPU
		{14C48A83-95EF-4EA2-8FDF-05D7C307FD7C}.CD_ROM|x64.ActiveCfg = Release|Any CPU
		{14C48A83-95EF-4EA2-8FDF-05D7C307FD7C}.Debug|Any CPU.ActiveCfg = Debug|Any CPU
		{14C48A83-95EF-4EA2-8FDF-05D7C307FD7C}.Debug|Any CPU.Build.0 = Debug|Any CPU
		{14C48A83-95EF-4EA2-8FDF-05D7C307FD7C}.Debug|x64.ActiveCfg = Debug|Any CPU
		{14C48A83-95EF-4EA2-8FDF-05D7C307FD7C}.DVD-5|Any CPU.ActiveCfg = Debug|Any CPU
		{14C48A83-95EF-4EA2-8FDF-05D7C307FD7C}.DVD-5|Any CPU.Build.0 = Debug|Any CPU
		{14C48A83-95EF-4EA2-8FDF-05D7C307FD7C}.DVD-5|x64.ActiveCfg = Debug|Any CPU
		{14C48A83-95EF-4EA2-8FDF-05D7C307FD7C}.Release|Any CPU.ActiveCfg = Release|Any CPU
		{14C48A83-95EF-4EA2-8FDF-05D7C307FD7C}.Release|Any CPU.Build.0 = Release|Any CPU
		{14C48A83-95EF-4EA2-8FDF-05D7C307FD7C}.Release|x64.ActiveCfg = Release|Any CPU
		{14C48A83-95EF-4EA2-8FDF-05D7C307FD7C}.SingleImage|Any CPU.ActiveCfg = Release|Any CPU
		{14C48A83-95EF-4EA2-8FDF-05D7C307FD7C}.SingleImage|Any CPU.Build.0 = Release|Any CPU
		{14C48A83-95EF-4EA2-8FDF-05D7C307FD7C}.SingleImage|x64.ActiveCfg = Release|Any CPU
		{73C8607F-7F59-4BF2-8783-7EEA98B0EDDB}.CD_ROM|Any CPU.ActiveCfg = Release|Any CPU
		{73C8607F-7F59-4BF2-8783-7EEA98B0EDDB}.CD_ROM|Any CPU.Build.0 = Release|Any CPU
		{73C8607F-7F59-4BF2-8783-7EEA98B0EDDB}.CD_ROM|x64.ActiveCfg = Release|x64
		{73C8607F-7F59-4BF2-8783-7EEA98B0EDDB}.CD_ROM|x64.Build.0 = Release|x64
		{73C8607F-7F59-4BF2-8783-7EEA98B0EDDB}.Debug|Any CPU.ActiveCfg = Debug|Any CPU
		{73C8607F-7F59-4BF2-8783-7EEA98B0EDDB}.Debug|Any CPU.Build.0 = Debug|Any CPU
		{73C8607F-7F59-4BF2-8783-7EEA98B0EDDB}.Debug|x64.ActiveCfg = Debug|x64
		{73C8607F-7F59-4BF2-8783-7EEA98B0EDDB}.Debug|x64.Build.0 = Debug|x64
		{73C8607F-7F59-4BF2-8783-7EEA98B0EDDB}.DVD-5|Any CPU.ActiveCfg = Debug|Any CPU
		{73C8607F-7F59-4BF2-8783-7EEA98B0EDDB}.DVD-5|Any CPU.Build.0 = Debug|Any CPU
		{73C8607F-7F59-4BF2-8783-7EEA98B0EDDB}.DVD-5|x64.ActiveCfg = Debug|x64
		{73C8607F-7F59-4BF2-8783-7EEA98B0EDDB}.DVD-5|x64.Build.0 = Debug|x64
		{73C8607F-7F59-4BF2-8783-7EEA98B0EDDB}.Release|Any CPU.ActiveCfg = Release|x64
		{73C8607F-7F59-4BF2-8783-7EEA98B0EDDB}.Release|Any CPU.Build.0 = Release|x64
		{73C8607F-7F59-4BF2-8783-7EEA98B0EDDB}.Release|x64.ActiveCfg = Release|x64
		{73C8607F-7F59-4BF2-8783-7EEA98B0EDDB}.Release|x64.Build.0 = Release|x64
		{73C8607F-7F59-4BF2-8783-7EEA98B0EDDB}.SingleImage|Any CPU.ActiveCfg = Release|Any CPU
		{73C8607F-7F59-4BF2-8783-7EEA98B0EDDB}.SingleImage|Any CPU.Build.0 = Release|Any CPU
		{73C8607F-7F59-4BF2-8783-7EEA98B0EDDB}.SingleImage|x64.ActiveCfg = Release|x64
		{73C8607F-7F59-4BF2-8783-7EEA98B0EDDB}.SingleImage|x64.Build.0 = Release|x64
		{C6C80D00-C45A-4E38-8FBC-11288F279389}.CD_ROM|Any CPU.ActiveCfg = Release|Any CPU
		{C6C80D00-C45A-4E38-8FBC-11288F279389}.CD_ROM|Any CPU.Build.0 = Release|Any CPU
		{C6C80D00-C45A-4E38-8FBC-11288F279389}.CD_ROM|x64.ActiveCfg = Release|Any CPU
		{C6C80D00-C45A-4E38-8FBC-11288F279389}.Debug|Any CPU.ActiveCfg = Debug|Any CPU
		{C6C80D00-C45A-4E38-8FBC-11288F279389}.Debug|Any CPU.Build.0 = Debug|Any CPU
		{C6C80D00-C45A-4E38-8FBC-11288F279389}.Debug|x64.ActiveCfg = Debug|Any CPU
		{C6C80D00-C45A-4E38-8FBC-11288F279389}.DVD-5|Any CPU.ActiveCfg = Debug|Any CPU
		{C6C80D00-C45A-4E38-8FBC-11288F279389}.DVD-5|Any CPU.Build.0 = Debug|Any CPU
		{C6C80D00-C45A-4E38-8FBC-11288F279389}.DVD-5|x64.ActiveCfg = Debug|Any CPU
		{C6C80D00-C45A-4E38-8FBC-11288F279389}.Release|Any CPU.ActiveCfg = Release|Any CPU
		{C6C80D00-C45A-4E38-8FBC-11288F279389}.Release|Any CPU.Build.0 = Release|Any CPU
		{C6C80D00-C45A-4E38-8FBC-11288F279389}.Release|x64.ActiveCfg = Release|Any CPU
		{C6C80D00-C45A-4E38-8FBC-11288F279389}.SingleImage|Any CPU.ActiveCfg = Release|Any CPU
		{C6C80D00-C45A-4E38-8FBC-11288F279389}.SingleImage|Any CPU.Build.0 = Release|Any CPU
		{C6C80D00-C45A-4E38-8FBC-11288F279389}.SingleImage|x64.ActiveCfg = Release|Any CPU
		{6597B994-D802-4C67-BA17-A6D9EBF50D9A}.CD_ROM|Any CPU.ActiveCfg = Release|Any CPU
		{6597B994-D802-4C67-BA17-A6D9EBF50D9A}.CD_ROM|Any CPU.Build.0 = Release|Any CPU
		{6597B994-D802-4C67-BA17-A6D9EBF50D9A}.CD_ROM|x64.ActiveCfg = Release|Any CPU
		{6597B994-D802-4C67-BA17-A6D9EBF50D9A}.Debug|Any CPU.ActiveCfg = Debug|Any CPU
		{6597B994-D802-4C67-BA17-A6D9EBF50D9A}.Debug|Any CPU.Build.0 = Debug|Any CPU
		{6597B994-D802-4C67-BA17-A6D9EBF50D9A}.Debug|x64.ActiveCfg = Debug|Any CPU
		{6597B994-D802-4C67-BA17-A6D9EBF50D9A}.DVD-5|Any CPU.ActiveCfg = Debug|Any CPU
		{6597B994-D802-4C67-BA17-A6D9EBF50D9A}.DVD-5|Any CPU.Build.0 = Debug|Any CPU
		{6597B994-D802-4C67-BA17-A6D9EBF50D9A}.DVD-5|x64.ActiveCfg = Debug|Any CPU
		{6597B994-D802-4C67-BA17-A6D9EBF50D9A}.Release|Any CPU.ActiveCfg = Release|Any CPU
		{6597B994-D802-4C67-BA17-A6D9EBF50D9A}.Release|Any CPU.Build.0 = Release|Any CPU
		{6597B994-D802-4C67-BA17-A6D9EBF50D9A}.Release|x64.ActiveCfg = Release|Any CPU
		{6597B994-D802-4C67-BA17-A6D9EBF50D9A}.SingleImage|Any CPU.ActiveCfg = Release|Any CPU
		{6597B994-D802-4C67-BA17-A6D9EBF50D9A}.SingleImage|Any CPU.Build.0 = Release|Any CPU
		{6597B994-D802-4C67-BA17-A6D9EBF50D9A}.SingleImage|x64.ActiveCfg = Release|Any CPU
		{5CB8E635-2CF3-49B3-956E-4D213DCEEC50}.CD_ROM|Any CPU.ActiveCfg = Release|Any CPU
		{5CB8E635-2CF3-49B3-956E-4D213DCEEC50}.CD_ROM|Any CPU.Build.0 = Release|Any CPU
		{5CB8E635-2CF3-49B3-956E-4D213DCEEC50}.CD_ROM|x64.ActiveCfg = Release|x64
		{5CB8E635-2CF3-49B3-956E-4D213DCEEC50}.CD_ROM|x64.Build.0 = Release|x64
		{5CB8E635-2CF3-49B3-956E-4D213DCEEC50}.Debug|Any CPU.ActiveCfg = Debug|Any CPU
		{5CB8E635-2CF3-49B3-956E-4D213DCEEC50}.Debug|Any CPU.Build.0 = Debug|Any CPU
		{5CB8E635-2CF3-49B3-956E-4D213DCEEC50}.Debug|x64.ActiveCfg = Debug|x64
		{5CB8E635-2CF3-49B3-956E-4D213DCEEC50}.Debug|x64.Build.0 = Debug|x64
		{5CB8E635-2CF3-49B3-956E-4D213DCEEC50}.DVD-5|Any CPU.ActiveCfg = Debug|Any CPU
		{5CB8E635-2CF3-49B3-956E-4D213DCEEC50}.DVD-5|Any CPU.Build.0 = Debug|Any CPU
		{5CB8E635-2CF3-49B3-956E-4D213DCEEC50}.DVD-5|x64.ActiveCfg = Debug|x64
		{5CB8E635-2CF3-49B3-956E-4D213DCEEC50}.DVD-5|x64.Build.0 = Debug|x64
		{5CB8E635-2CF3-49B3-956E-4D213DCEEC50}.Release|Any CPU.ActiveCfg = Release|Any CPU
		{5CB8E635-2CF3-49B3-956E-4D213DCEEC50}.Release|Any CPU.Build.0 = Release|Any CPU
		{5CB8E635-2CF3-49B3-956E-4D213DCEEC50}.Release|x64.ActiveCfg = Release|x64
		{5CB8E635-2CF3-49B3-956E-4D213DCEEC50}.Release|x64.Build.0 = Release|x64
		{5CB8E635-2CF3-49B3-956E-4D213DCEEC50}.SingleImage|Any CPU.ActiveCfg = Release|Any CPU
		{5CB8E635-2CF3-49B3-956E-4D213DCEEC50}.SingleImage|Any CPU.Build.0 = Release|Any CPU
		{5CB8E635-2CF3-49B3-956E-4D213DCEEC50}.SingleImage|x64.ActiveCfg = Release|x64
		{5CB8E635-2CF3-49B3-956E-4D213DCEEC50}.SingleImage|x64.Build.0 = Release|x64
		{6D661478-2E07-4A0F-88F6-D0D7EF104371}.CD_ROM|Any CPU.ActiveCfg = Release|Any CPU
		{6D661478-2E07-4A0F-88F6-D0D7EF104371}.CD_ROM|Any CPU.Build.0 = Release|Any CPU
		{6D661478-2E07-4A0F-88F6-D0D7EF104371}.CD_ROM|x64.ActiveCfg = Release|Any CPU
		{6D661478-2E07-4A0F-88F6-D0D7EF104371}.CD_ROM|x64.Build.0 = Release|Any CPU
		{6D661478-2E07-4A0F-88F6-D0D7EF104371}.Debug|Any CPU.ActiveCfg = Debug|Any CPU
		{6D661478-2E07-4A0F-88F6-D0D7EF104371}.Debug|Any CPU.Build.0 = Debug|Any CPU
		{6D661478-2E07-4A0F-88F6-D0D7EF104371}.Debug|x64.ActiveCfg = Debug|Any CPU
		{6D661478-2E07-4A0F-88F6-D0D7EF104371}.Debug|x64.Build.0 = Debug|Any CPU
		{6D661478-2E07-4A0F-88F6-D0D7EF104371}.DVD-5|Any CPU.ActiveCfg = Debug|Any CPU
		{6D661478-2E07-4A0F-88F6-D0D7EF104371}.DVD-5|Any CPU.Build.0 = Debug|Any CPU
		{6D661478-2E07-4A0F-88F6-D0D7EF104371}.DVD-5|x64.ActiveCfg = Debug|Any CPU
		{6D661478-2E07-4A0F-88F6-D0D7EF104371}.DVD-5|x64.Build.0 = Debug|Any CPU
		{6D661478-2E07-4A0F-88F6-D0D7EF104371}.Release|Any CPU.ActiveCfg = Release|Any CPU
		{6D661478-2E07-4A0F-88F6-D0D7EF104371}.Release|Any CPU.Build.0 = Release|Any CPU
		{6D661478-2E07-4A0F-88F6-D0D7EF104371}.Release|x64.ActiveCfg = Release|Any CPU
		{6D661478-2E07-4A0F-88F6-D0D7EF104371}.Release|x64.Build.0 = Release|Any CPU
		{6D661478-2E07-4A0F-88F6-D0D7EF104371}.SingleImage|Any CPU.ActiveCfg = Release|Any CPU
		{6D661478-2E07-4A0F-88F6-D0D7EF104371}.SingleImage|Any CPU.Build.0 = Release|Any CPU
		{6D661478-2E07-4A0F-88F6-D0D7EF104371}.SingleImage|x64.ActiveCfg = Release|Any CPU
		{6D661478-2E07-4A0F-88F6-D0D7EF104371}.SingleImage|x64.Build.0 = Release|Any CPU
	EndGlobalSection
	GlobalSection(SolutionProperties) = preSolution
		HideSolutionNode = FALSE
	EndGlobalSection
	GlobalSection(NestedProjects) = preSolution
		{C8366C6B-03B8-4D7C-9693-49132C2304D1} = {D269704C-9B1E-4AF8-B8C0-0621B67575E6}
		{8C0D5FEA-F28C-48C7-BD99-71AC92F3EBCA} = {C8366C6B-03B8-4D7C-9693-49132C2304D1}
		{AF2434E6-FD65-43A2-BE31-C8C1E5BA5ACD} = {C8366C6B-03B8-4D7C-9693-49132C2304D1}
		{EC5BBDE9-71DC-414C-AD01-8CF6D4B00F91} = {C8366C6B-03B8-4D7C-9693-49132C2304D1}
		{B9D9FCCA-6132-4BF5-BC17-32EA752D6AD7} = {C8366C6B-03B8-4D7C-9693-49132C2304D1}
		{70DD8ABC-B012-427A-8163-64E63304BD42} = {C8366C6B-03B8-4D7C-9693-49132C2304D1}
		{36D03B13-7013-4625-A20D-AE73711A1073} = {C8366C6B-03B8-4D7C-9693-49132C2304D1}
		{B0574724-C83B-417D-B76B-034B6EB4D0BA} = {36D03B13-7013-4625-A20D-AE73711A1073}
		{E621953D-5E4D-4489-8853-EB0ECD4B1977} = {D269704C-9B1E-4AF8-B8C0-0621B67575E6}
		{28DC8C24-C4A0-47D8-A114-DD4E2D42B1EB} = {E621953D-5E4D-4489-8853-EB0ECD4B1977}
		{2C246131-39C1-44E1-AAA4-768EE30F4E0D} = {E621953D-5E4D-4489-8853-EB0ECD4B1977}
		{E3BEBEA4-97C6-4429-B0AE-0D76A6415E0F} = {E621953D-5E4D-4489-8853-EB0ECD4B1977}
		{66ABD095-6B8F-411D-9BCF-744287833269} = {E621953D-5E4D-4489-8853-EB0ECD4B1977}
		{BE186735-6515-4A47-A580-00833827B709} = {E621953D-5E4D-4489-8853-EB0ECD4B1977}
		{B92B5C89-9BBA-4A28-BEEE-C8ED3BC12CC7} = {BE186735-6515-4A47-A580-00833827B709}
		{D506423B-BA21-49E6-8C3B-88A771CA444E} = {C25410D4-A56B-419D-904D-F5982BFEAA54}
		{14C48A83-95EF-4EA2-8FDF-05D7C307FD7C} = {36D03B13-7013-4625-A20D-AE73711A1073}
		{73C8607F-7F59-4BF2-8783-7EEA98B0EDDB} = {C8366C6B-03B8-4D7C-9693-49132C2304D1}
		{C6C80D00-C45A-4E38-8FBC-11288F279389} = {C8366C6B-03B8-4D7C-9693-49132C2304D1}
		{6597B994-D802-4C67-BA17-A6D9EBF50D9A} = {36D03B13-7013-4625-A20D-AE73711A1073}
		{5CB8E635-2CF3-49B3-956E-4D213DCEEC50} = {36D03B13-7013-4625-A20D-AE73711A1073}
		{6D661478-2E07-4A0F-88F6-D0D7EF104371} = {C25410D4-A56B-419D-904D-F5982BFEAA54}
	EndGlobalSection
EndGlobal
